{
    "_readme": [
        "This file locks the dependencies of your project to a known state",
        "Read more about it at http://getcomposer.org/doc/01-basic-usage.md#composer-lock-the-lock-file",
        "This file is @generated automatically"
    ],
    "hash": "df481f0d55e253ab9f735027c61d0bdc",
    "packages": [
        {
            "name": "doctrine/annotations",
            "version": "dev-master",
            "source": {
                "type": "git",
                "url": "https://github.com/doctrine/annotations.git",
                "reference": "b5202eb9e83f8db52e0e58867e0a46e63be8332e"
            },
            "dist": {
                "type": "zip",
                "url": "https://api.github.com/repos/doctrine/annotations/zipball/b5202eb9e83f8db52e0e58867e0a46e63be8332e",
                "reference": "b5202eb9e83f8db52e0e58867e0a46e63be8332e",
                "shasum": ""
            },
            "require": {
                "doctrine/lexer": "1.*",
                "php": ">=5.3.2"
            },
            "require-dev": {
                "doctrine/cache": "1.*",
                "phpunit/phpunit": "4.*"
            },
            "type": "library",
            "extra": {
                "branch-alias": {
                    "dev-master": "1.3.x-dev"
                }
            },
            "autoload": {
                "psr-0": {
                    "Doctrine\\Common\\Annotations\\": "lib/"
                }
            },
            "notification-url": "https://packagist.org/downloads/",
            "license": [
                "MIT"
            ],
            "authors": [
                {
                    "name": "Roman Borschel",
                    "email": "roman@code-factory.org"
                },
                {
                    "name": "Benjamin Eberlei",
                    "email": "kontakt@beberlei.de"
                },
                {
                    "name": "Guilherme Blanco",
                    "email": "guilhermeblanco@gmail.com"
                },
                {
                    "name": "Jonathan Wage",
                    "email": "jonwage@gmail.com"
                },
                {
                    "name": "Johannes Schmitt",
                    "email": "schmittjoh@gmail.com"
                }
            ],
            "description": "Docblock Annotations Parser",
            "homepage": "http://www.doctrine-project.org",
            "keywords": [
                "annotations",
                "docblock",
                "parser"
            ],
            "time": "2014-12-23 22:40:37"
        },
        {
            "name": "doctrine/cache",
            "version": "dev-master",
            "source": {
                "type": "git",
                "url": "https://github.com/doctrine/cache.git",
                "reference": "15334410a781da60f861df536b460f24c8f01eeb"
            },
            "dist": {
                "type": "zip",
                "url": "https://api.github.com/repos/doctrine/cache/zipball/15334410a781da60f861df536b460f24c8f01eeb",
                "reference": "15334410a781da60f861df536b460f24c8f01eeb",
                "shasum": ""
            },
            "require": {
                "php": ">=5.3.2"
            },
            "conflict": {
                "doctrine/common": ">2.2,<2.4"
            },
            "require-dev": {
                "phpunit/phpunit": ">=3.7",
                "predis/predis": "~1.0",
                "satooshi/php-coveralls": "~0.6"
            },
            "type": "library",
            "extra": {
                "branch-alias": {
                    "dev-master": "1.5.x-dev"
                }
            },
            "autoload": {
                "psr-0": {
                    "Doctrine\\Common\\Cache\\": "lib/"
                }
            },
            "notification-url": "https://packagist.org/downloads/",
            "license": [
                "MIT"
            ],
            "authors": [
                {
                    "name": "Roman Borschel",
                    "email": "roman@code-factory.org"
                },
                {
                    "name": "Benjamin Eberlei",
                    "email": "kontakt@beberlei.de"
                },
                {
                    "name": "Guilherme Blanco",
                    "email": "guilhermeblanco@gmail.com"
                },
                {
                    "name": "Jonathan Wage",
                    "email": "jonwage@gmail.com"
                },
                {
                    "name": "Johannes Schmitt",
                    "email": "schmittjoh@gmail.com"
                }
            ],
            "description": "Caching library offering an object-oriented API for many cache backends",
            "homepage": "http://www.doctrine-project.org",
            "keywords": [
                "cache",
                "caching"
            ],
            "time": "2015-02-01 04:40:53"
        },
        {
            "name": "doctrine/collections",
            "version": "dev-master",
            "source": {
                "type": "git",
                "url": "https://github.com/doctrine/collections.git",
                "reference": "c63f2e637c6ac759d83002906c30e6c96d91e5f3"
            },
            "dist": {
                "type": "zip",
                "url": "https://api.github.com/repos/doctrine/collections/zipball/c63f2e637c6ac759d83002906c30e6c96d91e5f3",
                "reference": "c63f2e637c6ac759d83002906c30e6c96d91e5f3",
                "shasum": ""
            },
            "require": {
                "php": ">=5.3.2"
            },
            "require-dev": {
                "phpunit/phpunit": "~4.0"
            },
            "type": "library",
            "extra": {
                "branch-alias": {
                    "dev-master": "1.2.x-dev"
                }
            },
            "autoload": {
                "psr-0": {
                    "Doctrine\\Common\\Collections\\": "lib/"
                }
            },
            "notification-url": "https://packagist.org/downloads/",
            "license": [
                "MIT"
            ],
            "authors": [
                {
                    "name": "Roman Borschel",
                    "email": "roman@code-factory.org"
                },
                {
                    "name": "Benjamin Eberlei",
                    "email": "kontakt@beberlei.de"
                },
                {
                    "name": "Guilherme Blanco",
                    "email": "guilhermeblanco@gmail.com"
                },
                {
                    "name": "Jonathan Wage",
                    "email": "jonwage@gmail.com"
                },
                {
                    "name": "Johannes Schmitt",
                    "email": "schmittjoh@gmail.com"
                }
            ],
            "description": "Collections Abstraction library",
            "homepage": "http://www.doctrine-project.org",
            "keywords": [
                "array",
                "collections",
                "iterator"
            ],
            "time": "2015-01-21 05:12:54"
        },
        {
            "name": "doctrine/common",
            "version": "dev-master",
            "source": {
                "type": "git",
                "url": "https://github.com/doctrine/common.git",
                "reference": "56360cc13bfd13893731c6c4d1d82005a61d7694"
            },
            "dist": {
                "type": "zip",
                "url": "https://api.github.com/repos/doctrine/common/zipball/56360cc13bfd13893731c6c4d1d82005a61d7694",
                "reference": "56360cc13bfd13893731c6c4d1d82005a61d7694",
                "shasum": ""
            },
            "require": {
                "doctrine/annotations": "1.*",
                "doctrine/cache": "1.*",
                "doctrine/collections": "1.*",
                "doctrine/inflector": "1.*",
                "doctrine/lexer": "1.*",
                "php": ">=5.3.2"
            },
            "require-dev": {
                "phpunit/phpunit": "~3.7"
            },
            "type": "library",
            "extra": {
                "branch-alias": {
                    "dev-master": "2.5.x-dev"
                }
            },
            "autoload": {
                "psr-0": {
                    "Doctrine\\Common\\": "lib/"
                }
            },
            "notification-url": "https://packagist.org/downloads/",
            "license": [
                "MIT"
            ],
            "authors": [
                {
                    "name": "Roman Borschel",
                    "email": "roman@code-factory.org"
                },
                {
                    "name": "Benjamin Eberlei",
                    "email": "kontakt@beberlei.de"
                },
                {
                    "name": "Guilherme Blanco",
                    "email": "guilhermeblanco@gmail.com"
                },
                {
                    "name": "Jonathan Wage",
                    "email": "jonwage@gmail.com"
                },
                {
                    "name": "Johannes Schmitt",
                    "email": "schmittjoh@gmail.com"
                }
            ],
            "description": "Common Library for Doctrine projects",
            "homepage": "http://www.doctrine-project.org",
            "keywords": [
                "annotations",
                "collections",
                "eventmanager",
                "persistence",
                "spl"
            ],
            "time": "2015-01-23 18:43:22"
        },
        {
            "name": "doctrine/dbal",
            "version": "dev-master",
            "source": {
                "type": "git",
                "url": "https://github.com/doctrine/dbal.git",
                "reference": "f64c97d7c954967d7e1730eed0b7c2d5dba8cac4"
            },
            "dist": {
                "type": "zip",
                "url": "https://api.github.com/repos/doctrine/dbal/zipball/f64c97d7c954967d7e1730eed0b7c2d5dba8cac4",
                "reference": "f64c97d7c954967d7e1730eed0b7c2d5dba8cac4",
                "shasum": ""
            },
            "require": {
                "doctrine/common": ">=2.4,<2.6-dev",
                "php": ">=5.3.2"
            },
            "require-dev": {
                "phpunit/phpunit": "4.*",
                "symfony/console": "2.*"
            },
            "suggest": {
                "symfony/console": "For helpful console commands such as SQL execution and import of files."
            },
            "bin": [
                "bin/doctrine-dbal",
                "bin/doctrine-dbal.php"
            ],
            "type": "library",
            "extra": {
                "branch-alias": {
                    "dev-master": "2.6.x-dev"
                }
            },
            "autoload": {
                "psr-0": {
                    "Doctrine\\DBAL\\": "lib/"
                }
            },
            "notification-url": "https://packagist.org/downloads/",
            "license": [
                "MIT"
            ],
            "authors": [
                {
                    "name": "Roman Borschel",
                    "email": "roman@code-factory.org"
                },
                {
                    "name": "Benjamin Eberlei",
                    "email": "kontakt@beberlei.de"
                },
                {
                    "name": "Guilherme Blanco",
                    "email": "guilhermeblanco@gmail.com"
                },
                {
                    "name": "Jonathan Wage",
                    "email": "jonwage@gmail.com"
                }
            ],
            "description": "Database Abstraction Layer",
            "homepage": "http://www.doctrine-project.org",
            "keywords": [
                "database",
                "dbal",
                "persistence",
                "queryobject"
            ],
            "time": "2015-01-30 10:57:32"
        },
        {
            "name": "doctrine/inflector",
            "version": "dev-master",
            "source": {
                "type": "git",
                "url": "https://github.com/doctrine/inflector.git",
                "reference": "e5eaf8c7ded0877195b5d2848491e17b1c0a6c4d"
            },
            "dist": {
                "type": "zip",
                "url": "https://api.github.com/repos/doctrine/inflector/zipball/e5eaf8c7ded0877195b5d2848491e17b1c0a6c4d",
                "reference": "e5eaf8c7ded0877195b5d2848491e17b1c0a6c4d",
                "shasum": ""
            },
            "require": {
                "php": ">=5.3.2"
            },
            "require-dev": {
                "phpunit/phpunit": "4.*"
            },
            "type": "library",
            "extra": {
                "branch-alias": {
                    "dev-master": "1.0.x-dev"
                }
            },
            "autoload": {
                "psr-0": {
                    "Doctrine\\Common\\Inflector\\": "lib/"
                }
            },
            "notification-url": "https://packagist.org/downloads/",
            "license": [
                "MIT"
            ],
            "authors": [
                {
                    "name": "Roman Borschel",
                    "email": "roman@code-factory.org"
                },
                {
                    "name": "Benjamin Eberlei",
                    "email": "kontakt@beberlei.de"
                },
                {
                    "name": "Guilherme Blanco",
                    "email": "guilhermeblanco@gmail.com"
                },
                {
                    "name": "Jonathan Wage",
                    "email": "jonwage@gmail.com"
                },
                {
                    "name": "Johannes Schmitt",
                    "email": "schmittjoh@gmail.com"
                }
            ],
            "description": "Common String Manipulations with regard to casing and singular/plural rules.",
            "homepage": "http://www.doctrine-project.org",
            "keywords": [
                "inflection",
                "pluralize",
                "singularize",
                "string"
            ],
            "time": "2015-01-01 18:34:57"
        },
        {
            "name": "doctrine/lexer",
            "version": "dev-master",
            "source": {
                "type": "git",
                "url": "https://github.com/doctrine/lexer.git",
                "reference": "83893c552fd2045dd78aef794c31e694c37c0b8c"
            },
            "dist": {
                "type": "zip",
                "url": "https://api.github.com/repos/doctrine/lexer/zipball/83893c552fd2045dd78aef794c31e694c37c0b8c",
                "reference": "83893c552fd2045dd78aef794c31e694c37c0b8c",
                "shasum": ""
            },
            "require": {
                "php": ">=5.3.2"
            },
            "type": "library",
            "extra": {
                "branch-alias": {
                    "dev-master": "1.0.x-dev"
                }
            },
            "autoload": {
                "psr-0": {
                    "Doctrine\\Common\\Lexer\\": "lib/"
                }
            },
            "notification-url": "https://packagist.org/downloads/",
            "license": [
                "MIT"
            ],
            "authors": [
                {
                    "name": "Roman Borschel",
                    "email": "roman@code-factory.org"
                },
                {
                    "name": "Guilherme Blanco",
                    "email": "guilhermeblanco@gmail.com"
                },
                {
                    "name": "Johannes Schmitt",
                    "email": "schmittjoh@gmail.com"
                }
            ],
            "description": "Base library for a lexer that can be used in Top-Down, Recursive Descent Parsers.",
            "homepage": "http://www.doctrine-project.org",
            "keywords": [
                "lexer",
                "parser"
            ],
            "time": "2014-09-09 13:34:57"
        },
        {
            "name": "jackalope/jackalope",
            "version": "dev-master",
            "source": {
                "type": "git",
                "url": "https://github.com/jackalope/jackalope.git",
                "reference": "1244182dfa813d7f98acd7c5ec0cc9108cbaa2ff"
            },
            "dist": {
                "type": "zip",
                "url": "https://api.github.com/repos/jackalope/jackalope/zipball/1244182dfa813d7f98acd7c5ec0cc9108cbaa2ff",
                "reference": "1244182dfa813d7f98acd7c5ec0cc9108cbaa2ff",
                "shasum": ""
            },
            "require": {
                "ext-xml": "*",
                "jackalope/jackalope-transport": "*",
                "php": ">=5.3.3",
                "phpcr/phpcr": "~2.1.0,>=2.1.0-beta12",
                "phpcr/phpcr-utils": "~1.1"
            },
            "provide": {
                "phpcr/phpcr-implementation": "2.1.0"
            },
            "type": "library",
            "extra": {
                "branch-alias": {
                    "dev-master": "1.2-dev"
                }
            },
            "autoload": {
                "psr-0": {
                    "Jackalope\\": "src/"
                }
            },
            "notification-url": "https://packagist.org/downloads/",
            "license": [
                "MIT",
                "Apache-2.0"
            ],
            "authors": [
                {
                    "name": "Jackalope Community",
                    "homepage": "https://github.com/jackalope/jackalope/contributors"
                }
            ],
            "description": "Jackalope PHPCR library",
            "homepage": "http://jackalope.github.io",
            "keywords": [
                "phpcr"
            ],
            "time": "2015-02-06 10:03:58"
        },
        {
            "name": "jackalope/jackalope-doctrine-dbal",
            "version": "dev-master",
            "source": {
                "type": "git",
                "url": "https://github.com/jackalope/jackalope-doctrine-dbal.git",
                "reference": "f87de21d3e1d45babe814542fb8b8410a78839b9"
            },
            "dist": {
                "type": "zip",
                "url": "https://api.github.com/repos/jackalope/jackalope-doctrine-dbal/zipball/f87de21d3e1d45babe814542fb8b8410a78839b9",
                "reference": "f87de21d3e1d45babe814542fb8b8410a78839b9",
                "shasum": ""
            },
            "require": {
                "doctrine/dbal": "~2.4",
                "jackalope/jackalope": "~1.2.0",
                "php": ">=5.3.3",
                "phpcr/phpcr": "~2.1.2",
                "phpcr/phpcr-utils": "~1.2"
            },
            "provide": {
                "jackalope/jackalope-transport": "1.1.0"
            },
            "require-dev": {
                "phpcr/phpcr-api-tests": "~2.1.0",
                "phpunit/dbunit": "~1.3",
                "psr/log": "~1.0"
            },
            "bin": [
                "bin/jackalope"
            ],
            "type": "library",
            "extra": {
                "branch-alias": {
                    "dev-master": "1.2-dev"
                }
            },
            "autoload": {
                "psr-0": {
                    "Jackalope\\": "src/"
                }
            },
            "notification-url": "https://packagist.org/downloads/",
            "license": [
                "MIT",
                "Apache-2.0"
            ],
            "authors": [
                {
                    "name": "Jackalope Community",
                    "homepage": "https://github.com/jackalope/jackalope-jackrabbit/contributors"
                }
            ],
            "description": "Jackalope Transport library for Doctrine DBAL",
            "homepage": "http://jackalope.github.io",
            "keywords": [
                "doctrine-dbal",
                "phpcr",
                "transport implementation"
            ],
            "time": "2015-02-04 09:49:02"
        },
        {
            "name": "phpcr/phpcr",
            "version": "dev-master",
            "source": {
                "type": "git",
                "url": "https://github.com/phpcr/phpcr.git",
                "reference": "7666fa9db1e4be7368f2e9c20a18576a11df74e4"
            },
            "dist": {
                "type": "zip",
                "url": "https://api.github.com/repos/phpcr/phpcr/zipball/7666fa9db1e4be7368f2e9c20a18576a11df74e4",
                "reference": "7666fa9db1e4be7368f2e9c20a18576a11df74e4",
                "shasum": ""
            },
            "require": {
                "php": ">=5.3.0"
            },
            "type": "library",
            "extra": {
                "branch-alias": {
                    "dev-master": "2.1-dev"
                }
            },
            "autoload": {
                "psr-0": {
                    "PHPCR": "src"
                }
            },
            "notification-url": "https://packagist.org/downloads/",
            "license": [
                "MIT",
                "Apache-2.0"
            ],
            "authors": [
                {
                    "name": "Lukas Kahwe Smith",
                    "email": "smith@pooteeweet.org"
                },
                {
                    "name": "David Buchmann",
                    "email": "david@liip.ch"
                },
                {
                    "name": "Karsten Dambekalns",
                    "email": "karsten@typo3.org"
                }
            ],
            "description": "PHP Content Repository interfaces",
            "homepage": "http://phpcr.github.io",
            "keywords": [
                "contentrepository",
                "phpcr"
            ],
            "time": "2015-01-05 19:14:45"
        },
        {
            "name": "phpcr/phpcr-utils",
            "version": "dev-master",
            "source": {
                "type": "git",
                "url": "https://github.com/phpcr/phpcr-utils.git",
                "reference": "5398f5c2c08f61063a6230a6640415a2c4566816"
            },
            "dist": {
                "type": "zip",
                "url": "https://api.github.com/repos/phpcr/phpcr-utils/zipball/5398f5c2c08f61063a6230a6640415a2c4566816",
                "reference": "5398f5c2c08f61063a6230a6640415a2c4566816",
                "shasum": ""
            },
            "require": {
                "php": ">=5.3.0",
                "phpcr/phpcr": "~2.1.0",
                "symfony/console": "~2.0"
            },
            "type": "library",
            "extra": {
                "branch-alias": {
                    "dev-master": "1.2-dev"
                }
            },
            "autoload": {
                "psr-0": {
                    "PHPCR\\Util": "src"
                }
            },
            "notification-url": "https://packagist.org/downloads/",
            "license": [
                "MIT",
                "Apache-2.0"
            ],
            "authors": [
                {
                    "name": "Lukas Kahwe Smith",
                    "email": "smith@pooteeweet.org"
                },
                {
                    "name": "David Buchmann",
                    "email": "david@liip.ch"
                },
                {
                    "name": "Nacho Martín",
                    "email": "nitram.ohcan@gmail.com"
                },
                {
                    "name": "Daniel Barsotti",
                    "email": "daniel.barsotti@liip.ch"
                }
            ],
            "description": "PHP Content Repository implementation independant utilities",
            "homepage": "http://phpcr.github.io",
            "keywords": [
                "cli",
                "contentrepository",
                "phpcr"
            ],
            "time": "2014-11-17 10:54:18"
        },
        {
            "name": "symfony/console",
            "version": "2.7.x-dev",
            "target-dir": "Symfony/Component/Console",
            "source": {
                "type": "git",
                "url": "https://github.com/symfony/Console.git",
                "reference": "e30a2778069b48bd1e560e4a2815d15c9ab2f563"
            },
            "dist": {
                "type": "zip",
                "url": "https://api.github.com/repos/symfony/Console/zipball/e30a2778069b48bd1e560e4a2815d15c9ab2f563",
                "reference": "e30a2778069b48bd1e560e4a2815d15c9ab2f563",
                "shasum": ""
            },
            "require": {
                "php": ">=5.3.9"
            },
            "require-dev": {
                "psr/log": "~1.0",
                "symfony/event-dispatcher": "~2.1|~3.0.0",
                "symfony/process": "~2.1|~3.0.0"
            },
            "suggest": {
                "psr/log": "For using the console logger",
                "symfony/event-dispatcher": "",
                "symfony/process": ""
            },
            "type": "library",
            "extra": {
                "branch-alias": {
                    "dev-master": "2.7-dev"
                }
            },
            "autoload": {
                "psr-0": {
                    "Symfony\\Component\\Console\\": ""
                }
            },
            "notification-url": "https://packagist.org/downloads/",
            "license": [
                "MIT"
            ],
            "authors": [
                {
                    "name": "Symfony Community",
                    "homepage": "http://symfony.com/contributors"
                },
                {
                    "name": "Fabien Potencier",
                    "email": "fabien@symfony.com"
                }
            ],
            "description": "Symfony Console Component",
            "homepage": "http://symfony.com",
            "time": "2015-02-05 07:11:58"
        }
    ],
    "packages-dev": [],
    "aliases": [],
    "minimum-stability": "dev",
    "stability-flags": [],
    "prefer-stable": false,
    "prefer-lowest": false,
    "platform": [],
    "platform-dev": []
}
